
Microsoft Visual Studio Solution File, Format Version 12.00
# Visual Studio Version 16
VisualStudioVersion = 16.0.29911.84
MinimumVisualStudioVersion = 10.0.40219.1
Project("{8BC9CEB8-8B4A-11D0-8D11-00A0C91BC942}") = "07_CompileAndInterface", "07_CompileAndInterface.vcxproj", "{3651D93A-BE7A-4281-8138-2E96A763F151}"
EndProject
Project("{8BC9CEB8-8B4A-11D0-8D11-00A0C91BC942}") = "0430_StaticLib", "0430_StaticLib\0430_StaticLib.vcxproj", "{948A1A81-29E7-45DC-B6D6-0B3DC4281245}"
EndProject
Project("{8BC9CEB8-8B4A-11D0-8D11-00A0C91BC942}") = "TestStaticLib", "TestStaticLib\TestStaticLib.vcxproj", "{E67B1B5D-57C9-4A27-A370-231DE305946B}"
EndProject
Project("{8BC9CEB8-8B4A-11D0-8D11-00A0C91BC942}") = "0501_DLL", "0501_DLL\0501_DLL.vcxproj", "{5E14AF47-D561-4084-8BE5-AE398C5DCE5A}"
EndProject
Project("{8BC9CEB8-8B4A-11D0-8D11-00A0C91BC942}") = "0501_VerifyDLL", "0501_VerifyDLL\0501_VerifyDLL.vcxproj", "{C031EB41-8DE0-4F7B-84B3-53DF8AE33081}"
EndProject
Project("{8BC9CEB8-8B4A-11D0-8D11-00A0C91BC942}") = "0503_RecursiveFunc", "0503_RecursiveFunc\0503_RecursiveFunc.vcxproj", "{D7C91B7E-3B4C-4125-AD36-FF7202BEFF12}"
EndProject
Project("{8BC9CEB8-8B4A-11D0-8D11-00A0C91BC942}") = "0503_WCF", "0503_WCF\0503_WCF.vcxproj", "{D70B6EB4-EDF6-4A65-B0AC-86D1BCC4C5B6}"
EndProject
Global
	GlobalSection(SolutionConfigurationPlatforms) = preSolution
		Debug|x64 = Debug|x64
		Debug|x86 = Debug|x86
		Release|x64 = Release|x64
		Release|x86 = Release|x86
	EndGlobalSection
	GlobalSection(ProjectConfigurationPlatforms) = postSolution
		{3651D93A-BE7A-4281-8138-2E96A763F151}.Debug|x64.ActiveCfg = Debug|x64
		{3651D93A-BE7A-4281-8138-2E96A763F151}.Debug|x64.Build.0 = Debug|x64
		{3651D93A-BE7A-4281-8138-2E96A763F151}.Debug|x86.ActiveCfg = Debug|Win32
		{3651D93A-BE7A-4281-8138-2E96A763F151}.Debug|x86.Build.0 = Debug|Win32
		{3651D93A-BE7A-4281-8138-2E96A763F151}.Release|x64.ActiveCfg = Release|x64
		{3651D93A-BE7A-4281-8138-2E96A763F151}.Release|x64.Build.0 = Release|x64
		{3651D93A-BE7A-4281-8138-2E96A763F151}.Release|x86.ActiveCfg = Release|Win32
		{3651D93A-BE7A-4281-8138-2E96A763F151}.Release|x86.Build.0 = Release|Win32
		{948A1A81-29E7-45DC-B6D6-0B3DC4281245}.Debug|x64.ActiveCfg = Debug|x64
		{948A1A81-29E7-45DC-B6D6-0B3DC4281245}.Debug|x64.Build.0 = Debug|x64
		{948A1A81-29E7-45DC-B6D6-0B3DC4281245}.Debug|x86.ActiveCfg = Debug|Win32
		{948A1A81-29E7-45DC-B6D6-0B3DC4281245}.Debug|x86.Build.0 = Debug|Win32
		{948A1A81-29E7-45DC-B6D6-0B3DC4281245}.Release|x64.ActiveCfg = Release|x64
		{948A1A81-29E7-45DC-B6D6-0B3DC4281245}.Release|x64.Build.0 = Release|x64
		{948A1A81-29E7-45DC-B6D6-0B3DC4281245}.Release|x86.ActiveCfg = Release|Win32
		{948A1A81-29E7-45DC-B6D6-0B3DC4281245}.Release|x86.Build.0 = Release|Win32
		{E67B1B5D-57C9-4A27-A370-231DE305946B}.Debug|x64.ActiveCfg = Debug|x64
		{E67B1B5D-57C9-4A27-A370-231DE305946B}.Debug|x64.Build.0 = Debug|x64
		{E67B1B5D-57C9-4A27-A370-231DE305946B}.Debug|x86.ActiveCfg = Debug|Win32
		{E67B1B5D-57C9-4A27-A370-231DE305946B}.Debug|x86.Build.0 = Debug|Win32
		{E67B1B5D-57C9-4A27-A370-231DE305946B}.Release|x64.ActiveCfg = Release|x64
		{E67B1B5D-57C9-4A27-A370-231DE305946B}.Release|x64.Build.0 = Release|x64
		{E67B1B5D-57C9-4A27-A370-231DE305946B}.Release|x86.ActiveCfg = Release|Win32
		{E67B1B5D-57C9-4A27-A370-231DE305946B}.Release|x86.Build.0 = Release|Win32
		{5E14AF47-D561-4084-8BE5-AE398C5DCE5A}.Debug|x64.ActiveCfg = Debug|x64
		{5E14AF47-D561-4084-8BE5-AE398C5DCE5A}.Debug|x64.Build.0 = Debug|x64
		{5E14AF47-D561-4084-8BE5-AE398C5DCE5A}.Debug|x86.ActiveCfg = Debug|Win32
		{5E14AF47-D561-4084-8BE5-AE398C5DCE5A}.Debug|x86.Build.0 = Debug|Win32
		{5E14AF47-D561-4084-8BE5-AE398C5DCE5A}.Release|x64.ActiveCfg = Release|x64
		{5E14AF47-D561-4084-8BE5-AE398C5DCE5A}.Release|x64.Build.0 = Release|x64
		{5E14AF47-D561-4084-8BE5-AE398C5DCE5A}.Release|x86.ActiveCfg = Release|Win32
		{5E14AF47-D561-4084-8BE5-AE398C5DCE5A}.Release|x86.Build.0 = Release|Win32
		{C031EB41-8DE0-4F7B-84B3-53DF8AE33081}.Debug|x64.ActiveCfg = Debug|x64
		{C031EB41-8DE0-4F7B-84B3-53DF8AE33081}.Debug|x64.Build.0 = Debug|x64
		{C031EB41-8DE0-4F7B-84B3-53DF8AE33081}.Debug|x86.ActiveCfg = Debug|Win32
		{C031EB41-8DE0-4F7B-84B3-53DF8AE33081}.Debug|x86.Build.0 = Debug|Win32
		{C031EB41-8DE0-4F7B-84B3-53DF8AE33081}.Release|x64.ActiveCfg = Release|x64
		{C031EB41-8DE0-4F7B-84B3-53DF8AE33081}.Release|x64.Build.0 = Release|x64
		{C031EB41-8DE0-4F7B-84B3-53DF8AE33081}.Release|x86.ActiveCfg = Release|Win32
		{C031EB41-8DE0-4F7B-84B3-53DF8AE33081}.Release|x86.Build.0 = Release|Win32
		{D7C91B7E-3B4C-4125-AD36-FF7202BEFF12}.Debug|x64.ActiveCfg = Debug|x64
		{D7C91B7E-3B4C-4125-AD36-FF7202BEFF12}.Debug|x64.Build.0 = Debug|x64
		{D7C91B7E-3B4C-4125-AD36-FF7202BEFF12}.Debug|x86.ActiveCfg = Debug|Win32
		{D7C91B7E-3B4C-4125-AD36-FF7202BEFF12}.Debug|x86.Build.0 = Debug|Win32
		{D7C91B7E-3B4C-4125-AD36-FF7202BEFF12}.Release|x64.ActiveCfg = Release|x64
		{D7C91B7E-3B4C-4125-AD36-FF7202BEFF12}.Release|x64.Build.0 = Release|x64
		{D7C91B7E-3B4C-4125-AD36-FF7202BEFF12}.Release|x86.ActiveCfg = Release|Win32
		{D7C91B7E-3B4C-4125-AD36-FF7202BEFF12}.Release|x86.Build.0 = Release|Win32
		{D70B6EB4-EDF6-4A65-B0AC-86D1BCC4C5B6}.Debug|x64.ActiveCfg = Debug|x64
		{D70B6EB4-EDF6-4A65-B0AC-86D1BCC4C5B6}.Debug|x64.Build.0 = Debug|x64
		{D70B6EB4-EDF6-4A65-B0AC-86D1BCC4C5B6}.Debug|x86.ActiveCfg = Debug|Win32
		{D70B6EB4-EDF6-4A65-B0AC-86D1BCC4C5B6}.Debug|x86.Build.0 = Debug|Win32
		{D70B6EB4-EDF6-4A65-B0AC-86D1BCC4C5B6}.Release|x64.ActiveCfg = Release|x64
		{D70B6EB4-EDF6-4A65-B0AC-86D1BCC4C5B6}.Release|x64.Build.0 = Release|x64
		{D70B6EB4-EDF6-4A65-B0AC-86D1BCC4C5B6}.Release|x86.ActiveCfg = Release|Win32
		{D70B6EB4-EDF6-4A65-B0AC-86D1BCC4C5B6}.Release|x86.Build.0 = Release|Win32
	EndGlobalSection
	GlobalSection(SolutionProperties) = preSolution
		HideSolutionNode = FALSE
	EndGlobalSection
	GlobalSection(ExtensibilityGlobals) = postSolution
		SolutionGuid = {4FD30263-B525-4644-92D6-967ABAF40EE2}
	EndGlobalSection
EndGlobal
