
Microsoft Visual Studio Solution File, Format Version 12.00
# Visual Studio Version 16
VisualStudioVersion = 16.0.29911.84
MinimumVisualStudioVersion = 10.0.40219.1
Project("{8BC9CEB8-8B4A-11D0-8D11-00A0C91BC942}") = "Template", "Template.vcxproj", "{87D6545A-D203-4FF5-B753-8117E168AD5F}"
EndProject
Project("{8BC9CEB8-8B4A-11D0-8D11-00A0C91BC942}") = "Template_Sort", "..\Template_Sort\Template_Sort.vcxproj", "{E4979A45-5117-434A-B4CA-091CA13D6825}"
EndProject
Project("{8BC9CEB8-8B4A-11D0-8D11-00A0C91BC942}") = "TemlateFunc", "..\TemlateFunc\TemlateFunc.vcxproj", "{359E4551-26C9-4E7F-BDAA-D40626CD2711}"
EndProject
Global
	GlobalSection(SolutionConfigurationPlatforms) = preSolution
		Debug|x64 = Debug|x64
		Debug|x86 = Debug|x86
		Release|x64 = Release|x64
		Release|x86 = Release|x86
	EndGlobalSection
	GlobalSection(ProjectConfigurationPlatforms) = postSolution
		{87D6545A-D203-4FF5-B753-8117E168AD5F}.Debug|x64.ActiveCfg = Debug|x64
		{87D6545A-D203-4FF5-B753-8117E168AD5F}.Debug|x64.Build.0 = Debug|x64
		{87D6545A-D203-4FF5-B753-8117E168AD5F}.Debug|x86.ActiveCfg = Debug|Win32
		{87D6545A-D203-4FF5-B753-8117E168AD5F}.Debug|x86.Build.0 = Debug|Win32
		{87D6545A-D203-4FF5-B753-8117E168AD5F}.Release|x64.ActiveCfg = Release|x64
		{87D6545A-D203-4FF5-B753-8117E168AD5F}.Release|x64.Build.0 = Release|x64
		{87D6545A-D203-4FF5-B753-8117E168AD5F}.Release|x86.ActiveCfg = Release|Win32
		{87D6545A-D203-4FF5-B753-8117E168AD5F}.Release|x86.Build.0 = Release|Win32
		{E4979A45-5117-434A-B4CA-091CA13D6825}.Debug|x64.ActiveCfg = Debug|x64
		{E4979A45-5117-434A-B4CA-091CA13D6825}.Debug|x64.Build.0 = Debug|x64
		{E4979A45-5117-434A-B4CA-091CA13D6825}.Debug|x86.ActiveCfg = Debug|Win32
		{E4979A45-5117-434A-B4CA-091CA13D6825}.Debug|x86.Build.0 = Debug|Win32
		{E4979A45-5117-434A-B4CA-091CA13D6825}.Release|x64.ActiveCfg = Release|x64
		{E4979A45-5117-434A-B4CA-091CA13D6825}.Release|x64.Build.0 = Release|x64
		{E4979A45-5117-434A-B4CA-091CA13D6825}.Release|x86.ActiveCfg = Release|Win32
		{E4979A45-5117-434A-B4CA-091CA13D6825}.Release|x86.Build.0 = Release|Win32
		{359E4551-26C9-4E7F-BDAA-D40626CD2711}.Debug|x64.ActiveCfg = Debug|x64
		{359E4551-26C9-4E7F-BDAA-D40626CD2711}.Debug|x64.Build.0 = Debug|x64
		{359E4551-26C9-4E7F-BDAA-D40626CD2711}.Debug|x86.ActiveCfg = Debug|Win32
		{359E4551-26C9-4E7F-BDAA-D40626CD2711}.Debug|x86.Build.0 = Debug|Win32
		{359E4551-26C9-4E7F-BDAA-D40626CD2711}.Release|x64.ActiveCfg = Release|x64
		{359E4551-26C9-4E7F-BDAA-D40626CD2711}.Release|x64.Build.0 = Release|x64
		{359E4551-26C9-4E7F-BDAA-D40626CD2711}.Release|x86.ActiveCfg = Release|Win32
		{359E4551-26C9-4E7F-BDAA-D40626CD2711}.Release|x86.Build.0 = Release|Win32
	EndGlobalSection
	GlobalSection(SolutionProperties) = preSolution
		HideSolutionNode = FALSE
	EndGlobalSection
	GlobalSection(ExtensibilityGlobals) = postSolution
		SolutionGuid = {7516804B-5AC2-4C83-96A4-29060FF9589A}
	EndGlobalSection
EndGlobal
