
Microsoft Visual Studio Solution File, Format Version 12.00
# Visual Studio Version 16
VisualStudioVersion = 16.0.29613.14
MinimumVisualStudioVersion = 10.0.40219.1
Project("{8BC9CEB8-8B4A-11D0-8D11-00A0C91BC942}") = "Pointer", "Pointer.vcxproj", "{C8F46DD6-76AD-4A4C-958B-FAA2AF0DB9A7}"
EndProject
Project("{8BC9CEB8-8B4A-11D0-8D11-00A0C91BC942}") = "Cheat", "Cheat\Cheat.vcxproj", "{B5D8F898-D61A-42F4-BD2C-8888BD9654D6}"
EndProject
Global
	GlobalSection(SolutionConfigurationPlatforms) = preSolution
		Debug|x64 = Debug|x64
		Debug|x86 = Debug|x86
		Release|x64 = Release|x64
		Release|x86 = Release|x86
	EndGlobalSection
	GlobalSection(ProjectConfigurationPlatforms) = postSolution
		{C8F46DD6-76AD-4A4C-958B-FAA2AF0DB9A7}.Debug|x64.ActiveCfg = Debug|x64
		{C8F46DD6-76AD-4A4C-958B-FAA2AF0DB9A7}.Debug|x64.Build.0 = Debug|x64
		{C8F46DD6-76AD-4A4C-958B-FAA2AF0DB9A7}.Debug|x86.ActiveCfg = Debug|Win32
		{C8F46DD6-76AD-4A4C-958B-FAA2AF0DB9A7}.Debug|x86.Build.0 = Debug|Win32
		{C8F46DD6-76AD-4A4C-958B-FAA2AF0DB9A7}.Release|x64.ActiveCfg = Release|x64
		{C8F46DD6-76AD-4A4C-958B-FAA2AF0DB9A7}.Release|x64.Build.0 = Release|x64
		{C8F46DD6-76AD-4A4C-958B-FAA2AF0DB9A7}.Release|x86.ActiveCfg = Release|Win32
		{C8F46DD6-76AD-4A4C-958B-FAA2AF0DB9A7}.Release|x86.Build.0 = Release|Win32
		{B5D8F898-D61A-42F4-BD2C-8888BD9654D6}.Debug|x64.ActiveCfg = Debug|x64
		{B5D8F898-D61A-42F4-BD2C-8888BD9654D6}.Debug|x64.Build.0 = Debug|x64
		{B5D8F898-D61A-42F4-BD2C-8888BD9654D6}.Debug|x86.ActiveCfg = Debug|Win32
		{B5D8F898-D61A-42F4-BD2C-8888BD9654D6}.Debug|x86.Build.0 = Debug|Win32
		{B5D8F898-D61A-42F4-BD2C-8888BD9654D6}.Release|x64.ActiveCfg = Release|x64
		{B5D8F898-D61A-42F4-BD2C-8888BD9654D6}.Release|x64.Build.0 = Release|x64
		{B5D8F898-D61A-42F4-BD2C-8888BD9654D6}.Release|x86.ActiveCfg = Release|Win32
		{B5D8F898-D61A-42F4-BD2C-8888BD9654D6}.Release|x86.Build.0 = Release|Win32
	EndGlobalSection
	GlobalSection(SolutionProperties) = preSolution
		HideSolutionNode = FALSE
	EndGlobalSection
	GlobalSection(ExtensibilityGlobals) = postSolution
		SolutionGuid = {0C310FCA-D4DF-431F-9888-3DC2E3B93073}
	EndGlobalSection
EndGlobal
